// !$*UTF8*$!
{
	archiveVersion = 1;
	classes = {
	};
	objectVersion = 52;
	objects = {

/* Begin PBXBuildFile section */
		2212AFE8265D853E00002FC9 /* HEG_ScheduleApp.swift in Sources */ = {isa = PBXBuildFile; fileRef = 2212AFE7265D853E00002FC9 /* HEG_ScheduleApp.swift */; };
		2212AFEA265D853E00002FC9 /* ContentView.swift in Sources */ = {isa = PBXBuildFile; fileRef = 2212AFE9265D853E00002FC9 /* ContentView.swift */; };
		2212AFEC265D854300002FC9 /* Assets.xcassets in Resources */ = {isa = PBXBuildFile; fileRef = 2212AFEB265D854300002FC9 /* Assets.xcassets */; };
		2212AFEF265D854300002FC9 /* Preview Assets.xcassets in Resources */ = {isa = PBXBuildFile; fileRef = 2212AFEE265D854300002FC9 /* Preview Assets.xcassets */; };
		2212AFFB265D8A6400002FC9 /* Nav.swift in Sources */ = {isa = PBXBuildFile; fileRef = 2212AFFA265D8A6400002FC9 /* Nav.swift */; };
		2212AFFD265DA20600002FC9 /* Home.swift in Sources */ = {isa = PBXBuildFile; fileRef = 2212AFFC265DA20600002FC9 /* Home.swift */; };
		222C3DC42662D39E00CF0E12 /* VPlanItem.swift in Sources */ = {isa = PBXBuildFile; fileRef = 222C3DC32662D39E00CF0E12 /* VPlanItem.swift */; };
		223214012662C2AA0038CA07 /* VPlan.swift in Sources */ = {isa = PBXBuildFile; fileRef = 223214002662C2AA0038CA07 /* VPlan.swift */; };
		22503F7F265EAE4000254DC7 /* FeedKit in Frameworks */ = {isa = PBXBuildFile; productRef = 22503F7E265EAE4000254DC7 /* FeedKit */; };
		225E81BB26653E8B002A4E9E /* Liquid in Frameworks */ = {isa = PBXBuildFile; productRef = 225E81BA26653E8B002A4E9E /* Liquid */; };
		2273229F266FD8DF00B1900C /* WidgetKit.framework in Frameworks */ = {isa = PBXBuildFile; fileRef = 225FBAE3266F8B2F00F5F4CD /* WidgetKit.framework */; };
		227322A0266FD8DF00B1900C /* SwiftUI.framework in Frameworks */ = {isa = PBXBuildFile; fileRef = 225FBAE5266F8B2F00F5F4CD /* SwiftUI.framework */; };
		227322A3266FD8DF00B1900C /* HEG_Widgets.swift in Sources */ = {isa = PBXBuildFile; fileRef = 227322A2266FD8DF00B1900C /* HEG_Widgets.swift */; };
		227322A6266FD8E300B1900C /* Assets.xcassets in Resources */ = {isa = PBXBuildFile; fileRef = 227322A5266FD8E300B1900C /* Assets.xcassets */; };
		227322A8266FD8E300B1900C /* HEG_Widgets.intentdefinition in Sources */ = {isa = PBXBuildFile; fileRef = 227322A4266FD8DF00B1900C /* HEG_Widgets.intentdefinition */; };
		227322A9266FD8E300B1900C /* HEG_Widgets.intentdefinition in Sources */ = {isa = PBXBuildFile; fileRef = 227322A4266FD8DF00B1900C /* HEG_Widgets.intentdefinition */; };
		227322AC266FD8E300B1900C /* HEG-WidgetsExtension.appex in Embed App Extensions */ = {isa = PBXBuildFile; fileRef = 2273229E266FD8DF00B1900C /* HEG-WidgetsExtension.appex */; settings = {ATTRIBUTES = (RemoveHeadersOnCopy, ); }; };
		22746773266AC6D000093235 /* LoaderView.swift in Sources */ = {isa = PBXBuildFile; fileRef = 22746772266AC6D000093235 /* LoaderView.swift */; };
		22746775266AC71600093235 /* LoaderState.swift in Sources */ = {isa = PBXBuildFile; fileRef = 22746774266AC71600093235 /* LoaderState.swift */; };
		22746778266AC74B00093235 /* Loader.swift in Sources */ = {isa = PBXBuildFile; fileRef = 22746777266AC74B00093235 /* Loader.swift */; };
		22A97F57266BE1A000A0E2CC /* Settings.bundle in Resources */ = {isa = PBXBuildFile; fileRef = 22A97F56266BE1A000A0E2CC /* Settings.bundle */; };
		22BBE36D26B876A500AF41D6 /* SwiftUIRefresh in Frameworks */ = {isa = PBXBuildFile; productRef = 22BBE36C26B876A500AF41D6 /* SwiftUIRefresh */; };
		22CC80252663EBC00059FADD /* VPlanRender.swift in Sources */ = {isa = PBXBuildFile; fileRef = 22CC80242663EBC00059FADD /* VPlanRender.swift */; };
		22EA2B2B265E5BB0008E0EC6 /* News.swift in Sources */ = {isa = PBXBuildFile; fileRef = 22EA2B2A265E5BB0008E0EC6 /* News.swift */; };
		22FB6808266030050017FEE6 /* NewsItem.swift in Sources */ = {isa = PBXBuildFile; fileRef = 22FB6807266030050017FEE6 /* NewsItem.swift */; };
		22FD601A2677942200BF02BF /* Timetable.swift in Sources */ = {isa = PBXBuildFile; fileRef = 22FD60192677942200BF02BF /* Timetable.swift */; };
		22FD601B2677942200BF02BF /* Timetable.swift in Sources */ = {isa = PBXBuildFile; fileRef = 22FD60192677942200BF02BF /* Timetable.swift */; };
		22FD601C2677AB1200BF02BF /* VPlanItem.swift in Sources */ = {isa = PBXBuildFile; fileRef = 222C3DC32662D39E00CF0E12 /* VPlanItem.swift */; };
		22FD601D2677AB1B00BF02BF /* VPlanRender.swift in Sources */ = {isa = PBXBuildFile; fileRef = 22CC80242663EBC00059FADD /* VPlanRender.swift */; };
/* End PBXBuildFile section */

/* Begin PBXContainerItemProxy section */
		227322AA266FD8E300B1900C /* PBXContainerItemProxy */ = {
			isa = PBXContainerItemProxy;
			containerPortal = 2212AFDC265D853D00002FC9 /* Project object */;
			proxyType = 1;
			remoteGlobalIDString = 2273229D266FD8DF00B1900C;
			remoteInfo = "HEG-WidgetsExtension";
		};
/* End PBXContainerItemProxy section */

/* Begin PBXCopyFilesBuildPhase section */
		225FBAF4266F8B3200F5F4CD /* Embed App Extensions */ = {
			isa = PBXCopyFilesBuildPhase;
			buildActionMask = 2147483647;
			dstPath = "";
			dstSubfolderSpec = 13;
			files = (
				227322AC266FD8E300B1900C /* HEG-WidgetsExtension.appex in Embed App Extensions */,
			);
			name = "Embed App Extensions";
			runOnlyForDeploymentPostprocessing = 0;
		};
/* End PBXCopyFilesBuildPhase section */

/* Begin PBXFileReference section */
		2212AFE4265D853E00002FC9 /* HEG Schedule.app */ = {isa = PBXFileReference; explicitFileType = wrapper.application; includeInIndex = 0; path = "HEG Schedule.app"; sourceTree = BUILT_PRODUCTS_DIR; };
		2212AFE7265D853E00002FC9 /* HEG_ScheduleApp.swift */ = {isa = PBXFileReference; lastKnownFileType = sourcecode.swift; path = HEG_ScheduleApp.swift; sourceTree = "<group>"; };
		2212AFE9265D853E00002FC9 /* ContentView.swift */ = {isa = PBXFileReference; lastKnownFileType = sourcecode.swift; path = ContentView.swift; sourceTree = "<group>"; };
		2212AFEB265D854300002FC9 /* Assets.xcassets */ = {isa = PBXFileReference; lastKnownFileType = folder.assetcatalog; path = Assets.xcassets; sourceTree = "<group>"; };
		2212AFEE265D854300002FC9 /* Preview Assets.xcassets */ = {isa = PBXFileReference; lastKnownFileType = folder.assetcatalog; path = "Preview Assets.xcassets"; sourceTree = "<group>"; };
		2212AFF0265D854300002FC9 /* Info.plist */ = {isa = PBXFileReference; lastKnownFileType = text.plist.xml; path = Info.plist; sourceTree = "<group>"; };
		2212AFFA265D8A6400002FC9 /* Nav.swift */ = {isa = PBXFileReference; lastKnownFileType = sourcecode.swift; path = Nav.swift; sourceTree = "<group>"; };
		2212AFFC265DA20600002FC9 /* Home.swift */ = {isa = PBXFileReference; lastKnownFileType = sourcecode.swift; path = Home.swift; sourceTree = "<group>"; };
		222C3DC32662D39E00CF0E12 /* VPlanItem.swift */ = {isa = PBXFileReference; lastKnownFileType = sourcecode.swift; path = VPlanItem.swift; sourceTree = "<group>"; };
		223214002662C2AA0038CA07 /* VPlan.swift */ = {isa = PBXFileReference; lastKnownFileType = sourcecode.swift; path = VPlan.swift; sourceTree = "<group>"; };
		22503F71265EA56300254DC7 /* HEG Schedule.entitlements */ = {isa = PBXFileReference; lastKnownFileType = text.plist.entitlements; path = "HEG Schedule.entitlements"; sourceTree = "<group>"; };
		225FBAE3266F8B2F00F5F4CD /* WidgetKit.framework */ = {isa = PBXFileReference; lastKnownFileType = wrapper.framework; name = WidgetKit.framework; path = System/Library/Frameworks/WidgetKit.framework; sourceTree = SDKROOT; };
		225FBAE5266F8B2F00F5F4CD /* SwiftUI.framework */ = {isa = PBXFileReference; lastKnownFileType = wrapper.framework; name = SwiftUI.framework; path = System/Library/Frameworks/SwiftUI.framework; sourceTree = SDKROOT; };
		2273229E266FD8DF00B1900C /* HEG-WidgetsExtension.appex */ = {isa = PBXFileReference; explicitFileType = "wrapper.app-extension"; includeInIndex = 0; path = "HEG-WidgetsExtension.appex"; sourceTree = BUILT_PRODUCTS_DIR; };
		227322A2266FD8DF00B1900C /* HEG_Widgets.swift */ = {isa = PBXFileReference; lastKnownFileType = sourcecode.swift; path = HEG_Widgets.swift; sourceTree = "<group>"; };
		227322A4266FD8DF00B1900C /* HEG_Widgets.intentdefinition */ = {isa = PBXFileReference; lastKnownFileType = file.intentdefinition; path = HEG_Widgets.intentdefinition; sourceTree = "<group>"; };
		227322A5266FD8E300B1900C /* Assets.xcassets */ = {isa = PBXFileReference; lastKnownFileType = folder.assetcatalog; path = Assets.xcassets; sourceTree = "<group>"; };
		227322A7266FD8E300B1900C /* Info.plist */ = {isa = PBXFileReference; lastKnownFileType = text.plist.xml; path = Info.plist; sourceTree = "<group>"; };
		227322AD266FD8E300B1900C /* HEG-WidgetsExtension.entitlements */ = {isa = PBXFileReference; lastKnownFileType = text.plist.entitlements; path = "HEG-WidgetsExtension.entitlements"; sourceTree = "<group>"; };
		22746772266AC6D000093235 /* LoaderView.swift */ = {isa = PBXFileReference; lastKnownFileType = sourcecode.swift; path = LoaderView.swift; sourceTree = "<group>"; };
		22746774266AC71600093235 /* LoaderState.swift */ = {isa = PBXFileReference; lastKnownFileType = sourcecode.swift; path = LoaderState.swift; sourceTree = "<group>"; };
		22746777266AC74B00093235 /* Loader.swift */ = {isa = PBXFileReference; lastKnownFileType = sourcecode.swift; path = Loader.swift; sourceTree = "<group>"; };
		22A97F56266BE1A000A0E2CC /* Settings.bundle */ = {isa = PBXFileReference; lastKnownFileType = "wrapper.plug-in"; path = Settings.bundle; sourceTree = "<group>"; };
		22CC80242663EBC00059FADD /* VPlanRender.swift */ = {isa = PBXFileReference; lastKnownFileType = sourcecode.swift; path = VPlanRender.swift; sourceTree = "<group>"; };
		22EA2B2A265E5BB0008E0EC6 /* News.swift */ = {isa = PBXFileReference; lastKnownFileType = sourcecode.swift; path = News.swift; sourceTree = "<group>"; };
		22FB6807266030050017FEE6 /* NewsItem.swift */ = {isa = PBXFileReference; lastKnownFileType = sourcecode.swift; path = NewsItem.swift; sourceTree = "<group>"; };
		22FD60192677942200BF02BF /* Timetable.swift */ = {isa = PBXFileReference; lastKnownFileType = sourcecode.swift; path = Timetable.swift; sourceTree = "<group>"; };
/* End PBXFileReference section */

/* Begin PBXFrameworksBuildPhase section */
		2212AFE1265D853E00002FC9 /* Frameworks */ = {
			isa = PBXFrameworksBuildPhase;
			buildActionMask = 2147483647;
			files = (
				22BBE36D26B876A500AF41D6 /* SwiftUIRefresh in Frameworks */,
				225E81BB26653E8B002A4E9E /* Liquid in Frameworks */,
				22503F7F265EAE4000254DC7 /* FeedKit in Frameworks */,
			);
			runOnlyForDeploymentPostprocessing = 0;
		};
		2273229B266FD8DF00B1900C /* Frameworks */ = {
			isa = PBXFrameworksBuildPhase;
			buildActionMask = 2147483647;
			files = (
				227322A0266FD8DF00B1900C /* SwiftUI.framework in Frameworks */,
				2273229F266FD8DF00B1900C /* WidgetKit.framework in Frameworks */,
			);
			runOnlyForDeploymentPostprocessing = 0;
		};
/* End PBXFrameworksBuildPhase section */

/* Begin PBXGroup section */
		2212AFDB265D853D00002FC9 = {
			isa = PBXGroup;
			children = (
				227322AD266FD8E300B1900C /* HEG-WidgetsExtension.entitlements */,
				2212AFE6265D853E00002FC9 /* HEG Schedule */,
				227322A1266FD8DF00B1900C /* HEG-Widgets */,
				225FBAE2266F8B2F00F5F4CD /* Frameworks */,
				2212AFE5265D853E00002FC9 /* Products */,
			);
			sourceTree = "<group>";
		};
		2212AFE5265D853E00002FC9 /* Products */ = {
			isa = PBXGroup;
			children = (
				2212AFE4265D853E00002FC9 /* HEG Schedule.app */,
				2273229E266FD8DF00B1900C /* HEG-WidgetsExtension.appex */,
			);
			name = Products;
			sourceTree = "<group>";
		};
		2212AFE6265D853E00002FC9 /* HEG Schedule */ = {
			isa = PBXGroup;
			children = (
				22FD60182677940600BF02BF /* Models */,
				22FCCFA52665637A005F5F29 /* Assets */,
				223214032662C3040038CA07 /* VPlan */,
				22503F71265EA56300254DC7 /* HEG Schedule.entitlements */,
				2212AFE7265D853E00002FC9 /* HEG_ScheduleApp.swift */,
				2212AFE9265D853E00002FC9 /* ContentView.swift */,
				2212AFFC265DA20600002FC9 /* Home.swift */,
				2212AFFA265D8A6400002FC9 /* Nav.swift */,
				22FB68062660298F0017FEE6 /* News */,
				2212AFEB265D854300002FC9 /* Assets.xcassets */,
				2212AFF0265D854300002FC9 /* Info.plist */,
				2212AFED265D854300002FC9 /* Preview Content */,
				22A97F56266BE1A000A0E2CC /* Settings.bundle */,
			);
			path = "HEG Schedule";
			sourceTree = "<group>";
		};
		2212AFED265D854300002FC9 /* Preview Content */ = {
			isa = PBXGroup;
			children = (
				2212AFEE265D854300002FC9 /* Preview Assets.xcassets */,
			);
			path = "Preview Content";
			sourceTree = "<group>";
		};
		223214032662C3040038CA07 /* VPlan */ = {
			isa = PBXGroup;
			children = (
				223214002662C2AA0038CA07 /* VPlan.swift */,
				222C3DC32662D39E00CF0E12 /* VPlanItem.swift */,
				22CC80242663EBC00059FADD /* VPlanRender.swift */,
			);
			path = VPlan;
			sourceTree = "<group>";
		};
		225FBAE2266F8B2F00F5F4CD /* Frameworks */ = {
			isa = PBXGroup;
			children = (
				225FBAE3266F8B2F00F5F4CD /* WidgetKit.framework */,
				225FBAE5266F8B2F00F5F4CD /* SwiftUI.framework */,
			);
			name = Frameworks;
			sourceTree = "<group>";
		};
		227322A1266FD8DF00B1900C /* HEG-Widgets */ = {
			isa = PBXGroup;
			children = (
				227322A2266FD8DF00B1900C /* HEG_Widgets.swift */,
				227322A4266FD8DF00B1900C /* HEG_Widgets.intentdefinition */,
				227322A5266FD8E300B1900C /* Assets.xcassets */,
				227322A7266FD8E300B1900C /* Info.plist */,
			);
			path = "HEG-Widgets";
			sourceTree = "<group>";
		};
		22746771266AC6B600093235 /* Loader */ = {
			isa = PBXGroup;
			children = (
				22746776266AC73000093235 /* Support Shapes */,
				22746772266AC6D000093235 /* LoaderView.swift */,
				22746774266AC71600093235 /* LoaderState.swift */,
			);
			path = Loader;
			sourceTree = "<group>";
		};
		22746776266AC73000093235 /* Support Shapes */ = {
			isa = PBXGroup;
			children = (
				22746777266AC74B00093235 /* Loader.swift */,
			);
			path = "Support Shapes";
			sourceTree = "<group>";
		};
		22FB68062660298F0017FEE6 /* News */ = {
			isa = PBXGroup;
			children = (
				22EA2B2A265E5BB0008E0EC6 /* News.swift */,
				22FB6807266030050017FEE6 /* NewsItem.swift */,
			);
			path = News;
			sourceTree = "<group>";
		};
		22FCCFA52665637A005F5F29 /* Assets */ = {
			isa = PBXGroup;
			children = (
				22746771266AC6B600093235 /* Loader */,
			);
			path = Assets;
			sourceTree = "<group>";
		};
		22FD60182677940600BF02BF /* Models */ = {
			isa = PBXGroup;
			children = (
				22FD60192677942200BF02BF /* Timetable.swift */,
			);
			path = Models;
			sourceTree = "<group>";
		};
/* End PBXGroup section */

/* Begin PBXNativeTarget section */
		2212AFE3265D853E00002FC9 /* HEG Schedule */ = {
			isa = PBXNativeTarget;
			buildConfigurationList = 2212AFF3265D854300002FC9 /* Build configuration list for PBXNativeTarget "HEG Schedule" */;
			buildPhases = (
				2212AFE0265D853E00002FC9 /* Sources */,
				2212AFE1265D853E00002FC9 /* Frameworks */,
				2212AFE2265D853E00002FC9 /* Resources */,
				225FBAF4266F8B3200F5F4CD /* Embed App Extensions */,
			);
			buildRules = (
			);
			dependencies = (
				227322AB266FD8E300B1900C /* PBXTargetDependency */,
			);
			name = "HEG Schedule";
			packageProductDependencies = (
				22503F7E265EAE4000254DC7 /* FeedKit */,
				225E81BA26653E8B002A4E9E /* Liquid */,
				22BBE36C26B876A500AF41D6 /* SwiftUIRefresh */,
			);
			productName = "HEG Schedule";
			productReference = 2212AFE4265D853E00002FC9 /* HEG Schedule.app */;
			productType = "com.apple.product-type.application";
		};
		2273229D266FD8DF00B1900C /* HEG-WidgetsExtension */ = {
			isa = PBXNativeTarget;
			buildConfigurationList = 227322B0266FD8E300B1900C /* Build configuration list for PBXNativeTarget "HEG-WidgetsExtension" */;
			buildPhases = (
				2273229A266FD8DF00B1900C /* Sources */,
				2273229B266FD8DF00B1900C /* Frameworks */,
				2273229C266FD8DF00B1900C /* Resources */,
			);
			buildRules = (
			);
			dependencies = (
			);
			name = "HEG-WidgetsExtension";
			productName = "HEG-WidgetsExtension";
			productReference = 2273229E266FD8DF00B1900C /* HEG-WidgetsExtension.appex */;
			productType = "com.apple.product-type.app-extension";
		};
/* End PBXNativeTarget section */

/* Begin PBXProject section */
		2212AFDC265D853D00002FC9 /* Project object */ = {
			isa = PBXProject;
			attributes = {
				LastSwiftUpdateCheck = 1250;
				LastUpgradeCheck = 1250;
				TargetAttributes = {
					2212AFE3265D853E00002FC9 = {
						CreatedOnToolsVersion = 12.5;
					};
					2273229D266FD8DF00B1900C = {
						CreatedOnToolsVersion = 12.5;
					};
				};
			};
			buildConfigurationList = 2212AFDF265D853D00002FC9 /* Build configuration list for PBXProject "HEG Schedule" */;
			compatibilityVersion = "Xcode 9.3";
			developmentRegion = en;
			hasScannedForEncodings = 0;
			knownRegions = (
				en,
				Base,
			);
			mainGroup = 2212AFDB265D853D00002FC9;
			packageReferences = (
				22503F7D265EAE4000254DC7 /* XCRemoteSwiftPackageReference "FeedKit" */,
				225E81B926653E8B002A4E9E /* XCRemoteSwiftPackageReference "liquid" */,
				22BBE36B26B876A500AF41D6 /* XCRemoteSwiftPackageReference "SwiftUIRefresh" */,
			);
			productRefGroup = 2212AFE5265D853E00002FC9 /* Products */;
			projectDirPath = "";
			projectRoot = "";
			targets = (
				2212AFE3265D853E00002FC9 /* HEG Schedule */,
				2273229D266FD8DF00B1900C /* HEG-WidgetsExtension */,
			);
		};
/* End PBXProject section */

/* Begin PBXResourcesBuildPhase section */
		2212AFE2265D853E00002FC9 /* Resources */ = {
			isa = PBXResourcesBuildPhase;
			buildActionMask = 2147483647;
			files = (
				2212AFEF265D854300002FC9 /* Preview Assets.xcassets in Resources */,
				22A97F57266BE1A000A0E2CC /* Settings.bundle in Resources */,
				2212AFEC265D854300002FC9 /* Assets.xcassets in Resources */,
			);
			runOnlyForDeploymentPostprocessing = 0;
		};
		2273229C266FD8DF00B1900C /* Resources */ = {
			isa = PBXResourcesBuildPhase;
			buildActionMask = 2147483647;
			files = (
				227322A6266FD8E300B1900C /* Assets.xcassets in Resources */,
			);
			runOnlyForDeploymentPostprocessing = 0;
		};
/* End PBXResourcesBuildPhase section */

/* Begin PBXSourcesBuildPhase section */
		2212AFE0265D853E00002FC9 /* Sources */ = {
			isa = PBXSourcesBuildPhase;
			buildActionMask = 2147483647;
			files = (
				223214012662C2AA0038CA07 /* VPlan.swift in Sources */,
				227322A9266FD8E300B1900C /* HEG_Widgets.intentdefinition in Sources */,
				2212AFEA265D853E00002FC9 /* ContentView.swift in Sources */,
				22746778266AC74B00093235 /* Loader.swift in Sources */,
				222C3DC42662D39E00CF0E12 /* VPlanItem.swift in Sources */,
				22FB6808266030050017FEE6 /* NewsItem.swift in Sources */,
				2212AFE8265D853E00002FC9 /* HEG_ScheduleApp.swift in Sources */,
				22CC80252663EBC00059FADD /* VPlanRender.swift in Sources */,
				22746775266AC71600093235 /* LoaderState.swift in Sources */,
				2212AFFD265DA20600002FC9 /* Home.swift in Sources */,
				22746773266AC6D000093235 /* LoaderView.swift in Sources */,
				22EA2B2B265E5BB0008E0EC6 /* News.swift in Sources */,
				2212AFFB265D8A6400002FC9 /* Nav.swift in Sources */,
				22FD601A2677942200BF02BF /* Timetable.swift in Sources */,
			);
			runOnlyForDeploymentPostprocessing = 0;
		};
		2273229A266FD8DF00B1900C /* Sources */ = {
			isa = PBXSourcesBuildPhase;
			buildActionMask = 2147483647;
			files = (
				227322A3266FD8DF00B1900C /* HEG_Widgets.swift in Sources */,
				227322A8266FD8E300B1900C /* HEG_Widgets.intentdefinition in Sources */,
				22FD601C2677AB1200BF02BF /* VPlanItem.swift in Sources */,
				22FD601B2677942200BF02BF /* Timetable.swift in Sources */,
				22FD601D2677AB1B00BF02BF /* VPlanRender.swift in Sources */,
			);
			runOnlyForDeploymentPostprocessing = 0;
		};
/* End PBXSourcesBuildPhase section */

/* Begin PBXTargetDependency section */
		227322AB266FD8E300B1900C /* PBXTargetDependency */ = {
			isa = PBXTargetDependency;
			target = 2273229D266FD8DF00B1900C /* HEG-WidgetsExtension */;
			targetProxy = 227322AA266FD8E300B1900C /* PBXContainerItemProxy */;
		};
/* End PBXTargetDependency section */

/* Begin XCBuildConfiguration section */
		2212AFF1265D854300002FC9 /* Debug */ = {
			isa = XCBuildConfiguration;
			buildSettings = {
				ALWAYS_SEARCH_USER_PATHS = NO;
				CLANG_ANALYZER_NONNULL = YES;
				CLANG_ANALYZER_NUMBER_OBJECT_CONVERSION = YES_AGGRESSIVE;
				CLANG_CXX_LANGUAGE_STANDARD = "gnu++14";
				CLANG_CXX_LIBRARY = "libc++";
				CLANG_ENABLE_MODULES = YES;
				CLANG_ENABLE_OBJC_ARC = YES;
				CLANG_ENABLE_OBJC_WEAK = YES;
				CLANG_WARN_BLOCK_CAPTURE_AUTORELEASING = YES;
				CLANG_WARN_BOOL_CONVERSION = YES;
				CLANG_WARN_COMMA = YES;
				CLANG_WARN_CONSTANT_CONVERSION = YES;
				CLANG_WARN_DEPRECATED_OBJC_IMPLEMENTATIONS = YES;
				CLANG_WARN_DIRECT_OBJC_ISA_USAGE = YES_ERROR;
				CLANG_WARN_DOCUMENTATION_COMMENTS = YES;
				CLANG_WARN_EMPTY_BODY = YES;
				CLANG_WARN_ENUM_CONVERSION = YES;
				CLANG_WARN_INFINITE_RECURSION = YES;
				CLANG_WARN_INT_CONVERSION = YES;
				CLANG_WARN_NON_LITERAL_NULL_CONVERSION = YES;
				CLANG_WARN_OBJC_IMPLICIT_RETAIN_SELF = YES;
				CLANG_WARN_OBJC_LITERAL_CONVERSION = YES;
				CLANG_WARN_OBJC_ROOT_CLASS = YES_ERROR;
				CLANG_WARN_QUOTED_INCLUDE_IN_FRAMEWORK_HEADER = YES;
				CLANG_WARN_RANGE_LOOP_ANALYSIS = YES;
				CLANG_WARN_STRICT_PROTOTYPES = YES;
				CLANG_WARN_SUSPICIOUS_MOVE = YES;
				CLANG_WARN_UNGUARDED_AVAILABILITY = YES_AGGRESSIVE;
				CLANG_WARN_UNREACHABLE_CODE = YES;
				CLANG_WARN__DUPLICATE_METHOD_MATCH = YES;
				COPY_PHASE_STRIP = NO;
				DEBUG_INFORMATION_FORMAT = dwarf;
				ENABLE_STRICT_OBJC_MSGSEND = YES;
				ENABLE_TESTABILITY = YES;
				GCC_C_LANGUAGE_STANDARD = gnu11;
				GCC_DYNAMIC_NO_PIC = NO;
				GCC_NO_COMMON_BLOCKS = YES;
				GCC_OPTIMIZATION_LEVEL = 0;
				GCC_PREPROCESSOR_DEFINITIONS = (
					"DEBUG=1",
					"$(inherited)",
				);
				GCC_WARN_64_TO_32_BIT_CONVERSION = YES;
				GCC_WARN_ABOUT_RETURN_TYPE = YES_ERROR;
				GCC_WARN_UNDECLARED_SELECTOR = YES;
				GCC_WARN_UNINITIALIZED_AUTOS = YES_AGGRESSIVE;
				GCC_WARN_UNUSED_FUNCTION = YES;
				GCC_WARN_UNUSED_VARIABLE = YES;
				IPHONEOS_DEPLOYMENT_TARGET = 14.5;
				MTL_ENABLE_DEBUG_INFO = INCLUDE_SOURCE;
				MTL_FAST_MATH = YES;
				ONLY_ACTIVE_ARCH = YES;
				SDKROOT = iphoneos;
				SWIFT_ACTIVE_COMPILATION_CONDITIONS = DEBUG;
				SWIFT_OPTIMIZATION_LEVEL = "-Onone";
			};
			name = Debug;
		};
		2212AFF2265D854300002FC9 /* Release */ = {
			isa = XCBuildConfiguration;
			buildSettings = {
				ALWAYS_SEARCH_USER_PATHS = NO;
				CLANG_ANALYZER_NONNULL = YES;
				CLANG_ANALYZER_NUMBER_OBJECT_CONVERSION = YES_AGGRESSIVE;
				CLANG_CXX_LANGUAGE_STANDARD = "gnu++14";
				CLANG_CXX_LIBRARY = "libc++";
				CLANG_ENABLE_MODULES = YES;
				CLANG_ENABLE_OBJC_ARC = YES;
				CLANG_ENABLE_OBJC_WEAK = YES;
				CLANG_WARN_BLOCK_CAPTURE_AUTORELEASING = YES;
				CLANG_WARN_BOOL_CONVERSION = YES;
				CLANG_WARN_COMMA = YES;
				CLANG_WARN_CONSTANT_CONVERSION = YES;
				CLANG_WARN_DEPRECATED_OBJC_IMPLEMENTATIONS = YES;
				CLANG_WARN_DIRECT_OBJC_ISA_USAGE = YES_ERROR;
				CLANG_WARN_DOCUMENTATION_COMMENTS = YES;
				CLANG_WARN_EMPTY_BODY = YES;
				CLANG_WARN_ENUM_CONVERSION = YES;
				CLANG_WARN_INFINITE_RECURSION = YES;
				CLANG_WARN_INT_CONVERSION = YES;
				CLANG_WARN_NON_LITERAL_NULL_CONVERSION = YES;
				CLANG_WARN_OBJC_IMPLICIT_RETAIN_SELF = YES;
				CLANG_WARN_OBJC_LITERAL_CONVERSION = YES;
				CLANG_WARN_OBJC_ROOT_CLASS = YES_ERROR;
				CLANG_WARN_QUOTED_INCLUDE_IN_FRAMEWORK_HEADER = YES;
				CLANG_WARN_RANGE_LOOP_ANALYSIS = YES;
				CLANG_WARN_STRICT_PROTOTYPES = YES;
				CLANG_WARN_SUSPICIOUS_MOVE = YES;
				CLANG_WARN_UNGUARDED_AVAILABILITY = YES_AGGRESSIVE;
				CLANG_WARN_UNREACHABLE_CODE = YES;
				CLANG_WARN__DUPLICATE_METHOD_MATCH = YES;
				COPY_PHASE_STRIP = NO;
				DEBUG_INFORMATION_FORMAT = "dwarf-with-dsym";
				ENABLE_NS_ASSERTIONS = NO;
				ENABLE_STRICT_OBJC_MSGSEND = YES;
				GCC_C_LANGUAGE_STANDARD = gnu11;
				GCC_NO_COMMON_BLOCKS = YES;
				GCC_WARN_64_TO_32_BIT_CONVERSION = YES;
				GCC_WARN_ABOUT_RETURN_TYPE = YES_ERROR;
				GCC_WARN_UNDECLARED_SELECTOR = YES;
				GCC_WARN_UNINITIALIZED_AUTOS = YES_AGGRESSIVE;
				GCC_WARN_UNUSED_FUNCTION = YES;
				GCC_WARN_UNUSED_VARIABLE = YES;
				IPHONEOS_DEPLOYMENT_TARGET = 14.5;
				MTL_ENABLE_DEBUG_INFO = NO;
				MTL_FAST_MATH = YES;
				SDKROOT = iphoneos;
				SWIFT_COMPILATION_MODE = wholemodule;
				SWIFT_OPTIMIZATION_LEVEL = "-O";
				VALIDATE_PRODUCT = YES;
			};
			name = Release;
		};
		2212AFF4265D854300002FC9 /* Debug */ = {
			isa = XCBuildConfiguration;
			buildSettings = {
				ALWAYS_EMBED_SWIFT_STANDARD_LIBRARIES = YES;
				ASSETCATALOG_COMPILER_APPICON_NAME = AppIcon;
				ASSETCATALOG_COMPILER_GLOBAL_ACCENT_COLOR_NAME = AccentColor;
				CODE_SIGN_ENTITLEMENTS = "HEG Schedule/HEG Schedule.entitlements";
				CODE_SIGN_STYLE = Automatic;
				DEVELOPMENT_ASSET_PATHS = "\"HEG Schedule/Preview Content\"";
				DEVELOPMENT_TEAM = UYKU28UM7P;
				ENABLE_PREVIEWS = YES;
				INFOPLIST_FILE = "HEG Schedule/Info.plist";
				IPHONEOS_DEPLOYMENT_TARGET = 14.0;
				LD_RUNPATH_SEARCH_PATHS = (
					"$(inherited)",
					"@executable_path/Frameworks",
				);
				PRODUCT_BUNDLE_IDENTIFIER = "Dietrich-Poensgen.HEG-Schedule";
				PRODUCT_NAME = "$(TARGET_NAME)";
				SUPPORTS_MACCATALYST = YES;
				SUPPORTS_MAC_DESIGNED_FOR_IPHONE_IPAD = YES;
				SWIFT_VERSION = 5.0;
				TARGETED_DEVICE_FAMILY = "1,2";
			};
			name = Debug;
		};
		2212AFF5265D854300002FC9 /* Release */ = {
			isa = XCBuildConfiguration;
			buildSettings = {
				ALWAYS_EMBED_SWIFT_STANDARD_LIBRARIES = YES;
				ASSETCATALOG_COMPILER_APPICON_NAME = AppIcon;
				ASSETCATALOG_COMPILER_GLOBAL_ACCENT_COLOR_NAME = AccentColor;
				CODE_SIGN_ENTITLEMENTS = "HEG Schedule/HEG Schedule.entitlements";
				CODE_SIGN_STYLE = Automatic;
				DEVELOPMENT_ASSET_PATHS = "\"HEG Schedule/Preview Content\"";
				DEVELOPMENT_TEAM = UYKU28UM7P;
				ENABLE_PREVIEWS = YES;
				INFOPLIST_FILE = "HEG Schedule/Info.plist";
				IPHONEOS_DEPLOYMENT_TARGET = 14.0;
				LD_RUNPATH_SEARCH_PATHS = (
					"$(inherited)",
					"@executable_path/Frameworks",
				);
				PRODUCT_BUNDLE_IDENTIFIER = "Dietrich-Poensgen.HEG-Schedule";
				PRODUCT_NAME = "$(TARGET_NAME)";
				SUPPORTS_MACCATALYST = YES;
				SUPPORTS_MAC_DESIGNED_FOR_IPHONE_IPAD = YES;
				SWIFT_VERSION = 5.0;
				TARGETED_DEVICE_FAMILY = "1,2";
			};
			name = Release;
		};
		227322AE266FD8E300B1900C /* Debug */ = {
			isa = XCBuildConfiguration;
			buildSettings = {
				ASSETCATALOG_COMPILER_GLOBAL_ACCENT_COLOR_NAME = AccentColor;
				ASSETCATALOG_COMPILER_WIDGET_BACKGROUND_COLOR_NAME = WidgetBackground;
				CODE_SIGN_ENTITLEMENTS = "HEG-WidgetsExtension.entitlements";
				CODE_SIGN_STYLE = Automatic;
				DEVELOPMENT_TEAM = UYKU28UM7P;
				INFOPLIST_FILE = "HEG-Widgets/Info.plist";
				LD_RUNPATH_SEARCH_PATHS = (
					"$(inherited)",
					"@executable_path/Frameworks",
					"@executable_path/../../Frameworks",
				);
				PRODUCT_BUNDLE_IDENTIFIER = "Dietrich-Poensgen.HEG-Schedule.HEG-Widgets";
				PRODUCT_NAME = "$(TARGET_NAME)";
				SKIP_INSTALL = YES;
				SUPPORTS_MACCATALYST = YES;
				SWIFT_VERSION = 5.0;
				TARGETED_DEVICE_FAMILY = "1,2";
			};
			name = Debug;
		};
		227322AF266FD8E300B1900C /* Release */ = {
			isa = XCBuildConfiguration;
			buildSettings = {
				ASSETCATALOG_COMPILER_GLOBAL_ACCENT_COLOR_NAME = AccentColor;
				ASSETCATALOG_COMPILER_WIDGET_BACKGROUND_COLOR_NAME = WidgetBackground;
				CODE_SIGN_ENTITLEMENTS = "HEG-WidgetsExtension.entitlements";
				CODE_SIGN_STYLE = Automatic;
				DEVELOPMENT_TEAM = UYKU28UM7P;
				INFOPLIST_FILE = "HEG-Widgets/Info.plist";
				LD_RUNPATH_SEARCH_PATHS = (
					"$(inherited)",
					"@executable_path/Frameworks",
					"@executable_path/../../Frameworks",
				);
				PRODUCT_BUNDLE_IDENTIFIER = "Dietrich-Poensgen.HEG-Schedule.HEG-Widgets";
				PRODUCT_NAME = "$(TARGET_NAME)";
				SKIP_INSTALL = YES;
				SUPPORTS_MACCATALYST = YES;
				SWIFT_VERSION = 5.0;
				TARGETED_DEVICE_FAMILY = "1,2";
			};
			name = Release;
		};
/* End XCBuildConfiguration section */

/* Begin XCConfigurationList section */
		2212AFDF265D853D00002FC9 /* Build configuration list for PBXProject "HEG Schedule" */ = {
			isa = XCConfigurationList;
			buildConfigurations = (
				2212AFF1265D854300002FC9 /* Debug */,
				2212AFF2265D854300002FC9 /* Release */,
			);
			defaultConfigurationIsVisible = 0;
			defaultConfigurationName = Release;
		};
		2212AFF3265D854300002FC9 /* Build configuration list for PBXNativeTarget "HEG Schedule" */ = {
			isa = XCConfigurationList;
			buildConfigurations = (
				2212AFF4265D854300002FC9 /* Debug */,
				2212AFF5265D854300002FC9 /* Release */,
			);
			defaultConfigurationIsVisible = 0;
			defaultConfigurationName = Release;
		};
		227322B0266FD8E300B1900C /* Build configuration list for PBXNativeTarget "HEG-WidgetsExtension" */ = {
			isa = XCConfigurationList;
			buildConfigurations = (
				227322AE266FD8E300B1900C /* Debug */,
				227322AF266FD8E300B1900C /* Release */,
			);
			defaultConfigurationIsVisible = 0;
			defaultConfigurationName = Release;
		};
/* End XCConfigurationList section */

/* Begin XCRemoteSwiftPackageReference section */
		22503F7D265EAE4000254DC7 /* XCRemoteSwiftPackageReference "FeedKit" */ = {
			isa = XCRemoteSwiftPackageReference;
			repositoryURL = "https://github.com/nmdias/FeedKit/";
			requirement = {
				kind = upToNextMajorVersion;
				minimumVersion = 9.1.2;
			};
		};
		225E81B926653E8B002A4E9E /* XCRemoteSwiftPackageReference "liquid" */ = {
			isa = XCRemoteSwiftPackageReference;
			repositoryURL = "https://github.com/maustinstar/liquid";
			requirement = {
				kind = upToNextMajorVersion;
				minimumVersion = 0.0.1;
			};
		};
		22BBE36B26B876A500AF41D6 /* XCRemoteSwiftPackageReference "SwiftUIRefresh" */ = {
			isa = XCRemoteSwiftPackageReference;
			repositoryURL = "https://github.com/timbersoftware/SwiftUIRefresh.git";
			requirement = {
				kind = upToNextMajorVersion;
				minimumVersion = 0.0.3;
			};
		};
/* End XCRemoteSwiftPackageReference section */

/* Begin XCSwiftPackageProductDependency section */
		22503F7E265EAE4000254DC7 /* FeedKit */ = {
			isa = XCSwiftPackageProductDependency;
			package = 22503F7D265EAE4000254DC7 /* XCRemoteSwiftPackageReference "FeedKit" */;
			productName = FeedKit;
		};
		225E81BA26653E8B002A4E9E /* Liquid */ = {
			isa = XCSwiftPackageProductDependency;
			package = 225E81B926653E8B002A4E9E /* XCRemoteSwiftPackageReference "liquid" */;
			productName = Liquid;
		};
		22BBE36C26B876A500AF41D6 /* SwiftUIRefresh */ = {
			isa = XCSwiftPackageProductDependency;
			package = 22BBE36B26B876A500AF41D6 /* XCRemoteSwiftPackageReference "SwiftUIRefresh" */;
			productName = SwiftUIRefresh;
		};
/* End XCSwiftPackageProductDependency section */
	};
	rootObject = 2212AFDC265D853D00002FC9 /* Project object */;
}
